// !$*UTF8*$!
{
	archiveVersion = 1;
	classes = {
	};
	objectVersion = 46;
	objects = {

/* Begin PBXBuildFile section */
		48151A93183449180011E553 /* listing_collections_add.png in Resources */ = {isa = PBXBuildFile; fileRef = 48151A91183449180011E553 /* listing_collections_add.png */; };
		48151A94183449180011E553 /* listing_collections_add@2x.png in Resources */ = {isa = PBXBuildFile; fileRef = 48151A92183449180011E553 /* listing_collections_add@2x.png */; };
		48334620183C3EEF0042988C /* CrossSetter.m in Sources */ = {isa = PBXBuildFile; fileRef = 4833461F183C3EEF0042988C /* CrossSetter.m */; };
		4892A2FA1836EAAB00D78574 /* AVFoundation.framework in Frameworks */ = {isa = PBXBuildFile; fileRef = 4892A2F91836EAAB00D78574 /* AVFoundation.framework */; };
		48DE227218340DFD002FA349 /* Foundation.framework in Frameworks */ = {isa = PBXBuildFile; fileRef = 48DE227118340DFD002FA349 /* Foundation.framework */; };
		48DE227418340DFD002FA349 /* CoreGraphics.framework in Frameworks */ = {isa = PBXBuildFile; fileRef = 48DE227318340DFD002FA349 /* CoreGraphics.framework */; };
		48DE227618340DFD002FA349 /* UIKit.framework in Frameworks */ = {isa = PBXBuildFile; fileRef = 48DE227518340DFD002FA349 /* UIKit.framework */; };
		48DE227C18340DFD002FA349 /* InfoPlist.strings in Resources */ = {isa = PBXBuildFile; fileRef = 48DE227A18340DFD002FA349 /* InfoPlist.strings */; };
		48DE227E18340DFD002FA349 /* main.m in Sources */ = {isa = PBXBuildFile; fileRef = 48DE227D18340DFD002FA349 /* main.m */; };
		48DE228218340DFD002FA349 /* AppDelegate.m in Sources */ = {isa = PBXBuildFile; fileRef = 48DE228118340DFD002FA349 /* AppDelegate.m */; };
		48DE228418340DFD002FA349 /* Images.xcassets in Resources */ = {isa = PBXBuildFile; fileRef = 48DE228318340DFD002FA349 /* Images.xcassets */; };
		48DE228B18340DFD002FA349 /* XCTest.framework in Frameworks */ = {isa = PBXBuildFile; fileRef = 48DE228A18340DFD002FA349 /* XCTest.framework */; };
		48DE228C18340DFD002FA349 /* Foundation.framework in Frameworks */ = {isa = PBXBuildFile; fileRef = 48DE227118340DFD002FA349 /* Foundation.framework */; };
		48DE228D18340DFD002FA349 /* UIKit.framework in Frameworks */ = {isa = PBXBuildFile; fileRef = 48DE227518340DFD002FA349 /* UIKit.framework */; };
		48DE229518340DFD002FA349 /* InfoPlist.strings in Resources */ = {isa = PBXBuildFile; fileRef = 48DE229318340DFD002FA349 /* InfoPlist.strings */; };
		48DE229718340DFD002FA349 /* ColorSampleTests.m in Sources */ = {isa = PBXBuildFile; fileRef = 48DE229618340DFD002FA349 /* ColorSampleTests.m */; };
		48DE22A218340E1D002FA349 /* BBColorSamplerManager.m in Sources */ = {isa = PBXBuildFile; fileRef = 48DE22A118340E1D002FA349 /* BBColorSamplerManager.m */; };
		48DE22A518340E9A002FA349 /* ColorPickerViewController.m in Sources */ = {isa = PBXBuildFile; fileRef = 48DE22A418340E9A002FA349 /* ColorPickerViewController.m */; };
/* End PBXBuildFile section */

/* Begin PBXContainerItemProxy section */
		48DE228E18340DFD002FA349 /* PBXContainerItemProxy */ = {
			isa = PBXContainerItemProxy;
			containerPortal = 48DE226618340DFD002FA349 /* Project object */;
			proxyType = 1;
			remoteGlobalIDString = 48DE226D18340DFD002FA349;
			remoteInfo = ColorSample;
		};
/* End PBXContainerItemProxy section */

/* Begin PBXFileReference section */
		48151A91183449180011E553 /* listing_collections_add.png */ = {isa = PBXFileReference; lastKnownFileType = image.png; path = listing_collections_add.png; sourceTree = "<group>"; };
		48151A92183449180011E553 /* listing_collections_add@2x.png */ = {isa = PBXFileReference; lastKnownFileType = image.png; path = "listing_collections_add@2x.png"; sourceTree = "<group>"; };
		4833461E183C3EEF0042988C /* CrossSetter.h */ = {isa = PBXFileReference; fileEncoding = 4; lastKnownFileType = sourcecode.c.h; path = CrossSetter.h; sourceTree = "<group>"; };
		4833461F183C3EEF0042988C /* CrossSetter.m */ = {isa = PBXFileReference; fileEncoding = 4; lastKnownFileType = sourcecode.c.objc; path = CrossSetter.m; sourceTree = "<group>"; };
		4892A2F91836EAAB00D78574 /* AVFoundation.framework */ = {isa = PBXFileReference; lastKnownFileType = wrapper.framework; name = AVFoundation.framework; path = System/Library/Frameworks/AVFoundation.framework; sourceTree = SDKROOT; };
		48DE226E18340DFD002FA349 /* ColorSample.app */ = {isa = PBXFileReference; explicitFileType = wrapper.application; includeInIndex = 0; path = ColorSample.app; sourceTree = BUILT_PRODUCTS_DIR; };
		48DE227118340DFD002FA349 /* Foundation.framework */ = {isa = PBXFileReference; lastKnownFileType = wrapper.framework; name = Foundation.framework; path = System/Library/Frameworks/Foundation.framework; sourceTree = SDKROOT; };
		48DE227318340DFD002FA349 /* CoreGraphics.framework */ = {isa = PBXFileReference; lastKnownFileType = wrapper.framework; name = CoreGraphics.framework; path = System/Library/Frameworks/CoreGraphics.framework; sourceTree = SDKROOT; };
		48DE227518340DFD002FA349 /* UIKit.framework */ = {isa = PBXFileReference; lastKnownFileType = wrapper.framework; name = UIKit.framework; path = System/Library/Frameworks/UIKit.framework; sourceTree = SDKROOT; };
		48DE227918340DFD002FA349 /* ColorSample-Info.plist */ = {isa = PBXFileReference; lastKnownFileType = text.plist.xml; path = "ColorSample-Info.plist"; sourceTree = "<group>"; };
		48DE227B18340DFD002FA349 /* en */ = {isa = PBXFileReference; lastKnownFileType = text.plist.strings; name = en; path = en.lproj/InfoPlist.strings; sourceTree = "<group>"; };
		48DE227D18340DFD002FA349 /* main.m */ = {isa = PBXFileReference; lastKnownFileType = sourcecode.c.objc; path = main.m; sourceTree = "<group>"; };
		48DE227F18340DFD002FA349 /* ColorSample-Prefix.pch */ = {isa = PBXFileReference; lastKnownFileType = sourcecode.c.h; path = "ColorSample-Prefix.pch"; sourceTree = "<group>"; };
		48DE228018340DFD002FA349 /* AppDelegate.h */ = {isa = PBXFileReference; lastKnownFileType = sourcecode.c.h; path = AppDelegate.h; sourceTree = "<group>"; };
		48DE228118340DFD002FA349 /* AppDelegate.m */ = {isa = PBXFileReference; lastKnownFileType = sourcecode.c.objc; path = AppDelegate.m; sourceTree = "<group>"; };
		48DE228318340DFD002FA349 /* Images.xcassets */ = {isa = PBXFileReference; lastKnownFileType = folder.assetcatalog; path = Images.xcassets; sourceTree = "<group>"; };
		48DE228918340DFD002FA349 /* ColorSampleTests.xctest */ = {isa = PBXFileReference; explicitFileType = wrapper.cfbundle; includeInIndex = 0; path = ColorSampleTests.xctest; sourceTree = BUILT_PRODUCTS_DIR; };
		48DE228A18340DFD002FA349 /* XCTest.framework */ = {isa = PBXFileReference; lastKnownFileType = wrapper.framework; name = XCTest.framework; path = Library/Frameworks/XCTest.framework; sourceTree = DEVELOPER_DIR; };
		48DE229218340DFD002FA349 /* ColorSampleTests-Info.plist */ = {isa = PBXFileReference; lastKnownFileType = text.plist.xml; path = "ColorSampleTests-Info.plist"; sourceTree = "<group>"; };
		48DE229418340DFD002FA349 /* en */ = {isa = PBXFileReference; lastKnownFileType = text.plist.strings; name = en; path = en.lproj/InfoPlist.strings; sourceTree = "<group>"; };
		48DE229618340DFD002FA349 /* ColorSampleTests.m */ = {isa = PBXFileReference; lastKnownFileType = sourcecode.c.objc; path = ColorSampleTests.m; sourceTree = "<group>"; };
		48DE22A018340E1D002FA349 /* BBColorSamplerManager.h */ = {isa = PBXFileReference; fileEncoding = 4; lastKnownFileType = sourcecode.c.h; path = BBColorSamplerManager.h; sourceTree = "<group>"; };
		48DE22A118340E1D002FA349 /* BBColorSamplerManager.m */ = {isa = PBXFileReference; fileEncoding = 4; lastKnownFileType = sourcecode.c.objc; path = BBColorSamplerManager.m; sourceTree = "<group>"; };
		48DE22A318340E9A002FA349 /* ColorPickerViewController.h */ = {isa = PBXFileReference; fileEncoding = 4; lastKnownFileType = sourcecode.c.h; path = ColorPickerViewController.h; sourceTree = "<group>"; };
		48DE22A418340E9A002FA349 /* ColorPickerViewController.m */ = {isa = PBXFileReference; fileEncoding = 4; lastKnownFileType = sourcecode.c.objc; path = ColorPickerViewController.m; sourceTree = "<group>"; };
/* End PBXFileReference section */

/* Begin PBXFrameworksBuildPhase section */
		48DE226B18340DFD002FA349 /* Frameworks */ = {
			isa = PBXFrameworksBuildPhase;
			buildActionMask = 2147483647;
			files = (
				4892A2FA1836EAAB00D78574 /* AVFoundation.framework in Frameworks */,
				48DE227418340DFD002FA349 /* CoreGraphics.framework in Frameworks */,
				48DE227618340DFD002FA349 /* UIKit.framework in Frameworks */,
				48DE227218340DFD002FA349 /* Foundation.framework in Frameworks */,
			);
			runOnlyForDeploymentPostprocessing = 0;
		};
		48DE228618340DFD002FA349 /* Frameworks */ = {
			isa = PBXFrameworksBuildPhase;
			buildActionMask = 2147483647;
			files = (
				48DE228B18340DFD002FA349 /* XCTest.framework in Frameworks */,
				48DE228D18340DFD002FA349 /* UIKit.framework in Frameworks */,
				48DE228C18340DFD002FA349 /* Foundation.framework in Frameworks */,
			);
			runOnlyForDeploymentPostprocessing = 0;
		};
/* End PBXFrameworksBuildPhase section */

/* Begin PBXGroup section */
		48DE226518340DFD002FA349 = {
			isa = PBXGroup;
			children = (
				48DE227718340DFD002FA349 /* ColorSample */,
				48DE229018340DFD002FA349 /* ColorSampleTests */,
				48DE227018340DFD002FA349 /* Frameworks */,
				48DE226F18340DFD002FA349 /* Products */,
			);
			sourceTree = "<group>";
		};
		48DE226F18340DFD002FA349 /* Products */ = {
			isa = PBXGroup;
			children = (
				48DE226E18340DFD002FA349 /* ColorSample.app */,
				48DE228918340DFD002FA349 /* ColorSampleTests.xctest */,
			);
			name = Products;
			sourceTree = "<group>";
		};
		48DE227018340DFD002FA349 /* Frameworks */ = {
			isa = PBXGroup;
			children = (
				4892A2F91836EAAB00D78574 /* AVFoundation.framework */,
				48DE227118340DFD002FA349 /* Foundation.framework */,
				48DE227318340DFD002FA349 /* CoreGraphics.framework */,
				48DE227518340DFD002FA349 /* UIKit.framework */,
				48DE228A18340DFD002FA349 /* XCTest.framework */,
			);
			name = Frameworks;
			sourceTree = "<group>";
		};
		48DE227718340DFD002FA349 /* ColorSample */ = {
			isa = PBXGroup;
			children = (
				48DE22A018340E1D002FA349 /* BBColorSamplerManager.h */,
				48DE22A118340E1D002FA349 /* BBColorSamplerManager.m */,
				48DE228018340DFD002FA349 /* AppDelegate.h */,
				48DE228118340DFD002FA349 /* AppDelegate.m */,
				48DE22A318340E9A002FA349 /* ColorPickerViewController.h */,
				48DE22A418340E9A002FA349 /* ColorPickerViewController.m */,
				4833461E183C3EEF0042988C /* CrossSetter.h */,
				4833461F183C3EEF0042988C /* CrossSetter.m */,
				48DE228318340DFD002FA349 /* Images.xcassets */,
				48DE227818340DFD002FA349 /* Supporting Files */,
			);
			path = ColorSample;
			sourceTree = "<group>";
		};
		48DE227818340DFD002FA349 /* Supporting Files */ = {
			isa = PBXGroup;
			children = (
				48151A91183449180011E553 /* listing_collections_add.png */,
				48151A92183449180011E553 /* listing_collections_add@2x.png */,
				48DE227918340DFD002FA349 /* ColorSample-Info.plist */,
				48DE227A18340DFD002FA349 /* InfoPlist.strings */,
				48DE227D18340DFD002FA349 /* main.m */,
				48DE227F18340DFD002FA349 /* ColorSample-Prefix.pch */,
			);
			name = "Supporting Files";
			sourceTree = "<group>";
		};
		48DE229018340DFD002FA349 /* ColorSampleTests */ = {
			isa = PBXGroup;
			children = (
				48DE229618340DFD002FA349 /* ColorSampleTests.m */,
				48DE229118340DFD002FA349 /* Supporting Files */,
			);
			path = ColorSampleTests;
			sourceTree = "<group>";
		};
		48DE229118340DFD002FA349 /* Supporting Files */ = {
			isa = PBXGroup;
			children = (
				48DE229218340DFD002FA349 /* ColorSampleTests-Info.plist */,
				48DE229318340DFD002FA349 /* InfoPlist.strings */,
			);
			name = "Supporting Files";
			sourceTree = "<group>";
		};
/* End PBXGroup section */

/* Begin PBXNativeTarget section */
		48DE226D18340DFD002FA349 /* ColorSample */ = {
			isa = PBXNativeTarget;
			buildConfigurationList = 48DE229A18340DFD002FA349 /* Build configuration list for PBXNativeTarget "ColorSample" */;
			buildPhases = (
				48DE226A18340DFD002FA349 /* Sources */,
				48DE226B18340DFD002FA349 /* Frameworks */,
				48DE226C18340DFD002FA349 /* Resources */,
			);
			buildRules = (
			);
			dependencies = (
			);
			name = ColorSample;
			productName = ColorSample;
			productReference = 48DE226E18340DFD002FA349 /* ColorSample.app */;
			productType = "com.apple.product-type.application";
		};
		48DE228818340DFD002FA349 /* ColorSampleTests */ = {
			isa = PBXNativeTarget;
			buildConfigurationList = 48DE229D18340DFD002FA349 /* Build configuration list for PBXNativeTarget "ColorSampleTests" */;
			buildPhases = (
				48DE228518340DFD002FA349 /* Sources */,
				48DE228618340DFD002FA349 /* Frameworks */,
				48DE228718340DFD002FA349 /* Resources */,
			);
			buildRules = (
			);
			dependencies = (
				48DE228F18340DFD002FA349 /* PBXTargetDependency */,
			);
			name = ColorSampleTests;
			productName = ColorSampleTests;
			productReference = 48DE228918340DFD002FA349 /* ColorSampleTests.xctest */;
			productType = "com.apple.product-type.bundle.unit-test";
		};
/* End PBXNativeTarget section */

/* Begin PBXProject section */
		48DE226618340DFD002FA349 /* Project object */ = {
			isa = PBXProject;
			attributes = {
				LastUpgradeCheck = 0500;
				ORGANIZATIONNAME = "Brandon Withrow";
				TargetAttributes = {
					48DE228818340DFD002FA349 = {
						TestTargetID = 48DE226D18340DFD002FA349;
					};
				};
			};
			buildConfigurationList = 48DE226918340DFD002FA349 /* Build configuration list for PBXProject "ColorSample" */;
			compatibilityVersion = "Xcode 3.2";
			developmentRegion = English;
			hasScannedForEncodings = 0;
			knownRegions = (
				en,
			);
			mainGroup = 48DE226518340DFD002FA349;
			productRefGroup = 48DE226F18340DFD002FA349 /* Products */;
			projectDirPath = "";
			projectRoot = "";
			targets = (
				48DE226D18340DFD002FA349 /* ColorSample */,
				48DE228818340DFD002FA349 /* ColorSampleTests */,
			);
		};
/* End PBXProject section */

/* Begin PBXResourcesBuildPhase section */
		48DE226C18340DFD002FA349 /* Resources */ = {
			isa = PBXResourcesBuildPhase;
			buildActionMask = 2147483647;
			files = (
				48DE227C18340DFD002FA349 /* InfoPlist.strings in Resources */,
				48151A93183449180011E553 /* listing_collections_add.png in Resources */,
				48DE228418340DFD002FA349 /* Images.xcassets in Resources */,
				48151A94183449180011E553 /* listing_collections_add@2x.png in Resources */,
			);
			runOnlyForDeploymentPostprocessing = 0;
		};
		48DE228718340DFD002FA349 /* Resources */ = {
			isa = PBXResourcesBuildPhase;
			buildActionMask = 2147483647;
			files = (
				48DE229518340DFD002FA349 /* InfoPlist.strings in Resources */,
			);
			runOnlyForDeploymentPostprocessing = 0;
		};
/* End PBXResourcesBuildPhase section */

/* Begin PBXSourcesBuildPhase section */
		48DE226A18340DFD002FA349 /* Sources */ = {
			isa = PBXSourcesBuildPhase;
			buildActionMask = 2147483647;
			files = (
				48DE228218340DFD002FA349 /* AppDelegate.m in Sources */,
				48DE227E18340DFD002FA349 /* main.m in Sources */,
				48DE22A518340E9A002FA349 /* ColorPickerViewController.m in Sources */,
				48334620183C3EEF0042988C /* CrossSetter.m in Sources */,
				48DE22A218340E1D002FA349 /* BBColorSamplerManager.m in Sources */,
			);
			runOnlyForDeploymentPostprocessing = 0;
		};
		48DE228518340DFD002FA349 /* Sources */ = {
			isa = PBXSourcesBuildPhase;
			buildActionMask = 2147483647;
			files = (
				48DE229718340DFD002FA349 /* ColorSampleTests.m in Sources */,
			);
			runOnlyForDeploymentPostprocessing = 0;
		};
/* End PBXSourcesBuildPhase section */

/* Begin PBXTargetDependency section */
		48DE228F18340DFD002FA349 /* PBXTargetDependency */ = {
			isa = PBXTargetDependency;
			target = 48DE226D18340DFD002FA349 /* ColorSample */;
			targetProxy = 48DE228E18340DFD002FA349 /* PBXContainerItemProxy */;
		};
/* End PBXTargetDependency section */

/* Begin PBXVariantGroup section */
		48DE227A18340DFD002FA349 /* InfoPlist.strings */ = {
			isa = PBXVariantGroup;
			children = (
				48DE227B18340DFD002FA349 /* en */,
			);
			name = InfoPlist.strings;
			sourceTree = "<group>";
		};
		48DE229318340DFD002FA349 /* InfoPlist.strings */ = {
			isa = PBXVariantGroup;
			children = (
				48DE229418340DFD002FA349 /* en */,
			);
			name = InfoPlist.strings;
			sourceTree = "<group>";
		};
/* End PBXVariantGroup section */

/* Begin XCBuildConfiguration section */
		48DE229818340DFD002FA349 /* Debug */ = {
			isa = XCBuildConfiguration;
			buildSettings = {
				ALWAYS_SEARCH_USER_PATHS = NO;
				ARCHS = "$(ARCHS_STANDARD_INCLUDING_64_BIT)";
				CLANG_CXX_LANGUAGE_STANDARD = "gnu++0x";
				CLANG_CXX_LIBRARY = "libc++";
				CLANG_ENABLE_MODULES = YES;
				CLANG_ENABLE_OBJC_ARC = YES;
				CLANG_WARN_BOOL_CONVERSION = YES;
				CLANG_WARN_CONSTANT_CONVERSION = YES;
				CLANG_WARN_DIRECT_OBJC_ISA_USAGE = YES_ERROR;
				CLANG_WARN_EMPTY_BODY = YES;
				CLANG_WARN_ENUM_CONVERSION = YES;
				CLANG_WARN_INT_CONVERSION = YES;
				CLANG_WARN_OBJC_ROOT_CLASS = YES_ERROR;
				CLANG_WARN__DUPLICATE_METHOD_MATCH = YES;
				"CODE_SIGN_IDENTITY[sdk=iphoneos*]" = "iPhone Developer";
				COPY_PHASE_STRIP = NO;
				GCC_C_LANGUAGE_STANDARD = gnu99;
				GCC_DYNAMIC_NO_PIC = NO;
				GCC_OPTIMIZATION_LEVEL = 0;
				GCC_PREPROCESSOR_DEFINITIONS = (
					"DEBUG=1",
					"$(inherited)",
				);
				GCC_SYMBOLS_PRIVATE_EXTERN = NO;
				GCC_WARN_64_TO_32_BIT_CONVERSION = YES;
				GCC_WARN_ABOUT_RETURN_TYPE = YES_ERROR;
				GCC_WARN_UNDECLARED_SELECTOR = YES;
				GCC_WARN_UNINITIALIZED_AUTOS = YES;
				GCC_WARN_UNUSED_FUNCTION = YES;
				GCC_WARN_UNUSED_VARIABLE = YES;
				IPHONEOS_DEPLOYMENT_TARGET = 7.0;
				ONLY_ACTIVE_ARCH = YES;
				SDKROOT = iphoneos;
			};
			name = Debug;
		};
		48DE229918340DFD002FA349 /* Release */ = {
			isa = XCBuildConfiguration;
			buildSettings = {
				ALWAYS_SEARCH_USER_PATHS = NO;
				ARCHS = "$(ARCHS_STANDARD_INCLUDING_64_BIT)";
				CLANG_CXX_LANGUAGE_STANDARD = "gnu++0x";
				CLANG_CXX_LIBRARY = "libc++";
				CLANG_ENABLE_MODULES = YES;
				CLANG_ENABLE_OBJC_ARC = YES;
				CLANG_WARN_BOOL_CONVERSION = YES;
				CLANG_WARN_CONSTANT_CONVERSION = YES;
				CLANG_WARN_DIRECT_OBJC_ISA_USAGE = YES_ERROR;
				CLANG_WARN_EMPTY_BODY = YES;
				CLANG_WARN_ENUM_CONVERSION = YES;
				CLANG_WARN_INT_CONVERSION = YES;
				CLANG_WARN_OBJC_ROOT_CLASS = YES_ERROR;
				CLANG_WARN__DUPLICATE_METHOD_MATCH = YES;
				"CODE_SIGN_IDENTITY[sdk=iphoneos*]" = "iPhone Developer";
				COPY_PHASE_STRIP = YES;
				ENABLE_NS_ASSERTIONS = NO;
				GCC_C_LANGUAGE_STANDARD = gnu99;
				GCC_WARN_64_TO_32_BIT_CONVERSION = YES;
				GCC_WARN_ABOUT_RETURN_TYPE = YES_ERROR;
				GCC_WARN_UNDECLARED_SELECTOR = YES;
				GCC_WARN_UNINITIALIZED_AUTOS = YES;
				GCC_WARN_UNUSED_FUNCTION = YES;
				GCC_WARN_UNUSED_VARIABLE = YES;
				IPHONEOS_DEPLOYMENT_TARGET = 7.0;
				SDKROOT = iphoneos;
				VALIDATE_PRODUCT = YES;
			};
			name = Release;
		};
		48DE229B18340DFD002FA349 /* Debug */ = {
			isa = XCBuildConfiguration;
			buildSettings = {
				ASSETCATALOG_COMPILER_APPICON_NAME = AppIcon;
				ASSETCATALOG_COMPILER_LAUNCHIMAGE_NAME = LaunchImage;
				GCC_PRECOMPILE_PREFIX_HEADER = YES;
				GCC_PREFIX_HEADER = "ColorSample/ColorSample-Prefix.pch";
				INFOPLIST_FILE = "ColorSample/ColorSample-Info.plist";
				PRODUCT_NAME = "$(TARGET_NAME)";
				WRAPPER_EXTENSION = app;
			};
			name = Debug;
		};
		48DE229C18340DFD002FA349 /* Release */ = {
			isa = XCBuildConfiguration;
			buildSettings = {
				ASSETCATALOG_COMPILER_APPICON_NAME = AppIcon;
				ASSETCATALOG_COMPILER_LAUNCHIMAGE_NAME = LaunchImage;
				GCC_PRECOMPILE_PREFIX_HEADER = YES;
				GCC_PREFIX_HEADER = "ColorSample/ColorSample-Prefix.pch";
				INFOPLIST_FILE = "ColorSample/ColorSample-Info.plist";
				PRODUCT_NAME = "$(TARGET_NAME)";
				WRAPPER_EXTENSION = app;
			};
			name = Release;
		};
		48DE229E18340DFD002FA349 /* Debug */ = {
			isa = XCBuildConfiguration;
			buildSettings = {
				ARCHS = "$(ARCHS_STANDARD_INCLUDING_64_BIT)";
				BUNDLE_LOADER = "$(BUILT_PRODUCTS_DIR)/ColorSample.app/ColorSample";
				FRAMEWORK_SEARCH_PATHS = (
					"$(SDKROOT)/Developer/Library/Frameworks",
					"$(inherited)",
					"$(DEVELOPER_FRAMEWORKS_DIR)",
				);
				GCC_PRECOMPILE_PREFIX_HEADER = YES;
				GCC_PREFIX_HEADER = "ColorSample/ColorSample-Prefix.pch";
				GCC_PREPROCESSOR_DEFINITIONS = (
					"DEBUG=1",
					"$(inherited)",
				);
				INFOPLIST_FILE = "ColorSampleTests/ColorSampleTests-Info.plist";
				PRODUCT_NAME = "$(TARGET_NAME)";
				TEST_HOST = "$(BUNDLE_LOADER)";
				WRAPPER_EXTENSION = xctest;
			};
			name = Debug;
		};
		48DE229F18340DFD002FA349 /* Release */ = {
			isa = XCBuildConfiguration;
			buildSettings = {
				ARCHS = "$(ARCHS_STANDARD_INCLUDING_64_BIT)";
				BUNDLE_LOADER = "$(BUILT_PRODUCTS_DIR)/ColorSample.app/ColorSample";
				FRAMEWORK_SEARCH_PATHS = (
					"$(SDKROOT)/Developer/Library/Frameworks",
					"$(inherited)",
					"$(DEVELOPER_FRAMEWORKS_DIR)",
				);
				GCC_PRECOMPILE_PREFIX_HEADER = YES;
				GCC_PREFIX_HEADER = "ColorSample/ColorSample-Prefix.pch";
				INFOPLIST_FILE = "ColorSampleTests/ColorSampleTests-Info.plist";
				PRODUCT_NAME = "$(TARGET_NAME)";
				TEST_HOST = "$(BUNDLE_LOADER)";
				WRAPPER_EXTENSION = xctest;
			};
			name = Release;
		};
/* End XCBuildConfiguration section */

/* Begin XCConfigurationList section */
		48DE226918340DFD002FA349 /* Build configuration list for PBXProject "ColorSample" */ = {
			isa = XCConfigurationList;
			buildConfigurations = (
				48DE229818340DFD002FA349 /* Debug */,
				48DE229918340DFD002FA349 /* Release */,
			);
			defaultConfigurationIsVisible = 0;
			defaultConfigurationName = Release;
		};
		48DE229A18340DFD002FA349 /* Build configuration list for PBXNativeTarget "ColorSample" */ = {
			isa = XCConfigurationList;
			buildConfigurations = (
				48DE229B18340DFD002FA349 /* Debug */,
				48DE229C18340DFD002FA349 /* Release */,
			);
			defaultConfigurationIsVisible = 0;
			defaultConfigurationName = Release;
		};
		48DE229D18340DFD002FA349 /* Build configuration list for PBXNativeTarget "ColorSampleTests" */ = {
			isa = XCConfigurationList;
			buildConfigurations = (
				48DE229E18340DFD002FA349 /* Debug */,
				48DE229F18340DFD002FA349 /* Release */,
			);
			defaultConfigurationIsVisible = 0;
			defaultConfigurationName = Release;
		};
/* End XCConfigurationList section */
	};
	rootObject = 48DE226618340DFD002FA349 /* Project object */;
}
